{
  "name": "runtime-client",
  "version": "2.0.0",
  "lockfileVersion": 1,
  "requires": true,
  "dependencies": {
    "@msgpack/msgpack": {
      "version": "1.11.0",
      "resolved": "https://registry.npmjs.org/@msgpack/msgpack/-/msgpack-1.11.0.tgz",
      "integrity": "sha512-gR/NgUeQGARNabGVAjS59lagyxsCgD0zd4F5oKf9uKt8XNLu4awFBNO/Nstr2q1Iu1UPC5EeJeLZSNdP30m7zQ=="
    },
    "lodash": {
      "version": "4.17.15",
      "resolved": "https://registry.npmjs.org/lodash/-/lodash-4.17.15.tgz",
      "integrity": "sha512-8xOcRHvCjnocdS5cpwXQXVzmmh5e5+saE2QGoeQmbKmRS6J3VQppPOIt0MnmE+4xlZoumy0GPG0D0MVIQbNA1A=="
    },
    "node-gyp-build": {
      "version": "4.2.0",
      "resolved": "https://registry.npmjs.org/node-gyp-build/-/node-gyp-build-4.2.0.tgz",
      "integrity": "sha512-4oiumOLhCDU9Rronz8PZ5S4IvT39H5+JEv/hps9V8s7RSLhsac0TCP78ulnHXOo8X1wdpPiTayGlM1jr4IbnaQ=="
    },
    "zeromq": {
      "version": "6.0.0-beta.5",
      "resolved": "https://registry.npmjs.org/zeromq/-/zeromq-6.0.0-beta.5.tgz",
      "integrity": "sha512-zsSbjfLjDxQq/Mp6NemNK/AVpm1NeafJRgz7nos1nV9MI/3w/P76pFdlqzxRTW4cuNqyFXJ4Q7g2tUhaZi4rcg==",
      "requires": {
        "node-gyp-build": "^4.1.0"
      }
    }
  }
}
